<?xml version="1.0" encoding="utf-8"?>
<Project ToolsVersion="4.0" xmlns="http://schemas.microsoft.com/developer/msbuild/2003">
  <ItemGroup>
    <Filter Include="Исходные файлы">
      <UniqueIdentifier>{4FC737F1-C7A5-4376-A066-2A32D752A2FF}</UniqueIdentifier>
      <Extensions>cpp;c;cc;cxx;c++;cppm;ixx;def;odl;idl;hpj;bat;asm;asmx</Extensions>
    </Filter>
    <Filter Include="Файлы заголовков">
      <UniqueIdentifier>{93995380-89BD-4b04-88EB-625FBE52EBFB}</UniqueIdentifier>
      <Extensions>h;hh;hpp;hxx;h++;hm;inl;inc;ipp;xsd</Extensions>
    </Filter>
    <Filter Include="Файлы ресурсов">
      <UniqueIdentifier>{67DA6AB6-F800-4c08-8B7A-83BB121AAD01}</UniqueIdentifier>
      <Extensions>rc;ico;cur;bmp;dlg;rc2;rct;bin;rgs;gif;jpg;jpeg;jpe;resx;tiff;tif;png;wav;mfcribbon-ms</Extensions>
    </Filter>
    <Filter Include="Файлы заголовков\StaticObjects">
      <UniqueIdentifier>{a27e4ddf-2fd8-402f-8c57-9a66eb785d99}</UniqueIdentifier>
    </Filter>
    <Filter Include="Файлы заголовков\DynamicObjects">
      <UniqueIdentifier>{afb5cac9-143a-43d2-b9d0-f6c2c0946c4f}</UniqueIdentifier>
    </Filter>
    <Filter Include="Исходные файлы\StaticObjects">
      <UniqueIdentifier>{ee9c57e3-6332-45dc-86f4-4fce6cf8891d}</UniqueIdentifier>
    </Filter>
    <Filter Include="Исходные файлы\DynamicObjects">
      <UniqueIdentifier>{45884337-3f05-44fe-8791-e2a71cec46f3}</UniqueIdentifier>
    </Filter>
    <Filter Include="Файлы заголовков\Abstract">
      <UniqueIdentifier>{24346405-a653-450a-89fd-e7ac304035fd}</UniqueIdentifier>
    </Filter>
    <Filter Include="Исходные файлы\Abstract">
      <UniqueIdentifier>{401d86b4-519b-43dc-bdc8-cb2ca8f24b52}</UniqueIdentifier>
    </Filter>
    <Filter Include="Исходные файлы\Utilts">
      <UniqueIdentifier>{7541a0fc-dbb2-4872-9a6b-0bdc8488b780}</UniqueIdentifier>
    </Filter>
    <Filter Include="Файлы заголовков\Utilts">
      <UniqueIdentifier>{c2a704ed-c3a9-48ab-a142-b576bbf441d5}</UniqueIdentifier>
    </Filter>
    <Filter Include="Файлы ресурсов\maps">
      <UniqueIdentifier>{e2f3196a-3d78-4d9d-adf8-a7a2ab27319b}</UniqueIdentifier>
    </Filter>
    <Filter Include="Файлы ресурсов\fonts">
      <UniqueIdentifier>{6d94a708-9d6c-4d33-9842-64ac55f45471}</UniqueIdentifier>
    </Filter>
    <Filter Include="Файлы ресурсов\textures">
      <UniqueIdentifier>{d433cfb7-786c-42f6-9dc9-be54b76c907b}</UniqueIdentifier>
    </Filter>
  </ItemGroup>
  <ItemGroup>
    <ClInclude Include="include\Main.h">
      <Filter>Файлы заголовков</Filter>
    </ClInclude>
    <ClInclude Include="include\abstract\DynamicObject.h">
      <Filter>Файлы заголовков\Abstract</Filter>
    </ClInclude>
    <ClInclude Include="include\abstract\GameObject.h">
      <Filter>Файлы заголовков\Abstract</Filter>
    </ClInclude>
    <ClInclude Include="include\abstract\StaticObject.h">
      <Filter>Файлы заголовков\Abstract</Filter>
    </ClInclude>
    <ClInclude Include="include\abstract\Tank.h">
      <Filter>Файлы заголовков\Abstract</Filter>
    </ClInclude>
    <ClInclude Include="include\dynamicObjects\Enemy.h">
      <Filter>Файлы заголовков\DynamicObjects</Filter>
    </ClInclude>
    <ClInclude Include="include\dynamicObjects\Player.h">
      <Filter>Файлы заголовков\DynamicObjects</Filter>
    </ClInclude>
    <ClInclude Include="include\dynamicObjects\Projectile.h">
      <Filter>Файлы заголовков\DynamicObjects</Filter>
    </ClInclude>
    <ClInclude Include="include\staticObjects\BrickWall.h">
      <Filter>Файлы заголовков\StaticObjects</Filter>
    </ClInclude>
    <ClInclude Include="include\staticObjects\ConcreteWall.h">
      <Filter>Файлы заголовков\StaticObjects</Filter>
    </ClInclude>
    <ClInclude Include="include\staticObjects\Flag.h">
      <Filter>Файлы заголовков\StaticObjects</Filter>
    </ClInclude>
    <ClInclude Include="include\staticObjects\Forest.h">
      <Filter>Файлы заголовков\StaticObjects</Filter>
    </ClInclude>
    <ClInclude Include="include\staticObjects\Headquarters.h">
      <Filter>Файлы заголовков\StaticObjects</Filter>
    </ClInclude>
    <ClInclude Include="include\staticObjects\Water.h">
      <Filter>Файлы заголовков\StaticObjects</Filter>
    </ClInclude>
    <ClInclude Include="include\utilts\Console.h">
      <Filter>Файлы заголовков\Utilts</Filter>
    </ClInclude>
    <ClInclude Include="include\utilts\Game.h">
      <Filter>Файлы заголовков\Utilts</Filter>
    </ClInclude>
    <ClInclude Include="include\utilts\GameController.h">
      <Filter>Файлы заголовков\Utilts</Filter>
    </ClInclude>
    <ClInclude Include="include\utilts\GameMenu.h">
      <Filter>Файлы заголовков\Utilts</Filter>
    </ClInclude>
    <ClInclude Include="include\utilts\GameResources.h">
      <Filter>Файлы заголовков\Utilts</Filter>
    </ClInclude>
    <ClInclude Include="include\utilts\GameWindow.h">
      <Filter>Файлы заголовков\Utilts</Filter>
    </ClInclude>
  </ItemGroup>
  <ItemGroup>
    <ClCompile Include="source\Main.cpp">
      <Filter>Исходные файлы</Filter>
    </ClCompile>
    <ClCompile Include="source\abstract\DynamicObject.cpp">
      <Filter>Исходные файлы\Abstract</Filter>
    </ClCompile>
    <ClCompile Include="source\abstract\GameObject.cpp">
      <Filter>Исходные файлы\Abstract</Filter>
    </ClCompile>
    <ClCompile Include="source\abstract\StaticObject.cpp">
      <Filter>Исходные файлы\Abstract</Filter>
    </ClCompile>
    <ClCompile Include="source\abstract\Tank.cpp">
      <Filter>Исходные файлы\Abstract</Filter>
    </ClCompile>
    <ClCompile Include="source\dynamicObjects\Enemy.cpp">
      <Filter>Исходные файлы\DynamicObjects</Filter>
    </ClCompile>
    <ClCompile Include="source\dynamicObjects\Player.cpp">
      <Filter>Исходные файлы\DynamicObjects</Filter>
    </ClCompile>
    <ClCompile Include="source\dynamicObjects\Projectile.cpp">
      <Filter>Исходные файлы\DynamicObjects</Filter>
    </ClCompile>
    <ClCompile Include="source\staticObjects\BrickWall.cpp">
      <Filter>Исходные файлы\StaticObjects</Filter>
    </ClCompile>
    <ClCompile Include="source\staticObjects\ConcreteWall.cpp">
      <Filter>Исходные файлы\StaticObjects</Filter>
    </ClCompile>
    <ClCompile Include="source\staticObjects\Flag.cpp">
      <Filter>Исходные файлы\StaticObjects</Filter>
    </ClCompile>
    <ClCompile Include="source\staticObjects\Forest.cpp">
      <Filter>Исходные файлы\StaticObjects</Filter>
    </ClCompile>
    <ClCompile Include="source\staticObjects\Headquarters.cpp">
      <Filter>Исходные файлы\StaticObjects</Filter>
    </ClCompile>
    <ClCompile Include="source\staticObjects\Water.cpp">
      <Filter>Исходные файлы\StaticObjects</Filter>
    </ClCompile>
    <ClCompile Include="source\utilts\Console.cpp">
      <Filter>Исходные файлы\Utilts</Filter>
    </ClCompile>
    <ClCompile Include="source\utilts\Game.cpp">
      <Filter>Исходные файлы\Utilts</Filter>
    </ClCompile>
    <ClCompile Include="source\utilts\GameController.cpp">
      <Filter>Исходные файлы\Utilts</Filter>
    </ClCompile>
    <ClCompile Include="source\utilts\GameMenu.cpp">
      <Filter>Исходные файлы\Utilts</Filter>
    </ClCompile>
    <ClCompile Include="source\utilts\GameResources.cpp">
      <Filter>Исходные файлы\Utilts</Filter>
    </ClCompile>
    <ClCompile Include="source\utilts\GameWindow.cpp">
      <Filter>Исходные файлы\Utilts</Filter>
    </ClCompile>
  </ItemGroup>
  <ItemGroup>
    <Text Include="maps\map1.txt">
      <Filter>Файлы ресурсов\maps</Filter>
    </Text>
    <Text Include="maps\map2.txt">
      <Filter>Файлы ресурсов\maps</Filter>
    </Text>
  </ItemGroup>
  <ItemGroup>
    <Font Include="fonts\samson.ttf">
      <Filter>Файлы ресурсов\fonts</Filter>
    </Font>
  </ItemGroup>
  <ItemGroup>
    <Image Include="textures\brickWall.png">
      <Filter>Файлы ресурсов\textures</Filter>
    </Image>
    <Image Include="textures\concreteWall.png">
      <Filter>Файлы ресурсов\textures</Filter>
    </Image>
    <Image Include="textures\enemy.png">
      <Filter>Файлы ресурсов\textures</Filter>
    </Image>
    <Image Include="textures\flag.png">
      <Filter>Файлы ресурсов\textures</Filter>
    </Image>
    <Image Include="textures\forest.png">
      <Filter>Файлы ресурсов\textures</Filter>
    </Image>
    <Image Include="textures\headquarters.png">
      <Filter>Файлы ресурсов\textures</Filter>
    </Image>
    <Image Include="textures\player.png">
      <Filter>Файлы ресурсов\textures</Filter>
    </Image>
    <Image Include="textures\projectile.png">
      <Filter>Файлы ресурсов\textures</Filter>
    </Image>
    <Image Include="textures\water.png">
      <Filter>Файлы ресурсов\textures</Filter>
    </Image>
  </ItemGroup>
</Project>