<?xml version="1.0" encoding="utf-8"?>
<Project ToolsVersion="4.0" xmlns="http://schemas.microsoft.com/developer/msbuild/2003">
  <ItemGroup>
    <Filter Include="Исходные файлы">
      <UniqueIdentifier>{4FC737F1-C7A5-4376-A066-2A32D752A2FF}</UniqueIdentifier>
      <Extensions>cpp;c;cc;cxx;c++;cppm;ixx;def;odl;idl;hpj;bat;asm;asmx</Extensions>
    </Filter>
    <Filter Include="Файлы заголовков">
      <UniqueIdentifier>{93995380-89BD-4b04-88EB-625FBE52EBFB}</UniqueIdentifier>
      <Extensions>h;hh;hpp;hxx;h++;hm;inl;inc;ipp;xsd</Extensions>
    </Filter>
    <Filter Include="Файлы ресурсов">
      <UniqueIdentifier>{67DA6AB6-F800-4c08-8B7A-83BB121AAD01}</UniqueIdentifier>
      <Extensions>rc;ico;cur;bmp;dlg;rc2;rct;bin;rgs;gif;jpg;jpeg;jpe;resx;tiff;tif;png;wav;mfcribbon-ms</Extensions>
    </Filter>
    <Filter Include="Файлы заголовков\StaticObjects">
      <UniqueIdentifier>{a27e4ddf-2fd8-402f-8c57-9a66eb785d99}</UniqueIdentifier>
    </Filter>
    <Filter Include="Файлы заголовков\DynamicObjects">
      <UniqueIdentifier>{afb5cac9-143a-43d2-b9d0-f6c2c0946c4f}</UniqueIdentifier>
    </Filter>
    <Filter Include="Исходные файлы\StaticObjects">
      <UniqueIdentifier>{ee9c57e3-6332-45dc-86f4-4fce6cf8891d}</UniqueIdentifier>
    </Filter>
    <Filter Include="Исходные файлы\DynamicObjects">
      <UniqueIdentifier>{45884337-3f05-44fe-8791-e2a71cec46f3}</UniqueIdentifier>
    </Filter>
    <Filter Include="Файлы заголовков\Abstract">
      <UniqueIdentifier>{24346405-a653-450a-89fd-e7ac304035fd}</UniqueIdentifier>
    </Filter>
    <Filter Include="Исходные файлы\Abstract">
      <UniqueIdentifier>{401d86b4-519b-43dc-bdc8-cb2ca8f24b52}</UniqueIdentifier>
    </Filter>
    <Filter Include="Файлы ресурсов\png">
      <UniqueIdentifier>{8e909029-b2eb-4fbb-a464-1f37a145c810}</UniqueIdentifier>
    </Filter>
    <Filter Include="Исходные файлы\Utilts">
      <UniqueIdentifier>{7541a0fc-dbb2-4872-9a6b-0bdc8488b780}</UniqueIdentifier>
    </Filter>
    <Filter Include="Файлы заголовков\Utilts">
      <UniqueIdentifier>{c2a704ed-c3a9-48ab-a142-b576bbf441d5}</UniqueIdentifier>
    </Filter>
    <Filter Include="Файлы ресурсов\maps">
      <UniqueIdentifier>{e2f3196a-3d78-4d9d-adf8-a7a2ab27319b}</UniqueIdentifier>
    </Filter>
  </ItemGroup>
  <ItemGroup>
    <ClInclude Include="include\Main.h">
      <Filter>Файлы заголовков</Filter>
    </ClInclude>
    <ClInclude Include="include\BrickWall.h">
      <Filter>Файлы заголовков\StaticObjects</Filter>
    </ClInclude>
    <ClInclude Include="include\ConcreteWall.h">
      <Filter>Файлы заголовков\StaticObjects</Filter>
    </ClInclude>
    <ClInclude Include="include\Forest.h">
      <Filter>Файлы заголовков\StaticObjects</Filter>
    </ClInclude>
    <ClInclude Include="include\Water.h">
      <Filter>Файлы заголовков\StaticObjects</Filter>
    </ClInclude>
    <ClInclude Include="include\Enemy.h">
      <Filter>Файлы заголовков\DynamicObjects</Filter>
    </ClInclude>
    <ClInclude Include="include\Projectile.h">
      <Filter>Файлы заголовков\DynamicObjects</Filter>
    </ClInclude>
    <ClInclude Include="include\Player.h">
      <Filter>Файлы заголовков\DynamicObjects</Filter>
    </ClInclude>
    <ClInclude Include="include\DynamicObject.h">
      <Filter>Файлы заголовков\Abstract</Filter>
    </ClInclude>
    <ClInclude Include="include\StaticObject.h">
      <Filter>Файлы заголовков\Abstract</Filter>
    </ClInclude>
    <ClInclude Include="include\Tank.h">
      <Filter>Файлы заголовков\Abstract</Filter>
    </ClInclude>
    <ClInclude Include="include\GameObject.h">
      <Filter>Файлы заголовков\Abstract</Filter>
    </ClInclude>
    <ClInclude Include="include\Headquarters.h">
      <Filter>Файлы заголовков\StaticObjects</Filter>
    </ClInclude>
    <ClInclude Include="include\Flag.h">
      <Filter>Файлы заголовков\StaticObjects</Filter>
    </ClInclude>
    <ClInclude Include="include\Console.h">
      <Filter>Файлы заголовков\Utilts</Filter>
    </ClInclude>
    <ClInclude Include="include\Game.h">
      <Filter>Файлы заголовков\Utilts</Filter>
    </ClInclude>
    <ClInclude Include="include\GameResources.h">
      <Filter>Файлы заголовков\Utilts</Filter>
    </ClInclude>
    <ClInclude Include="include\GameWindow.h">
      <Filter>Файлы заголовков\Utilts</Filter>
    </ClInclude>
    <ClInclude Include="include\GameController.h">
      <Filter>Файлы заголовков\Utilts</Filter>
    </ClInclude>
  </ItemGroup>
  <ItemGroup>
    <ClCompile Include="source\Main.cpp">
      <Filter>Исходные файлы</Filter>
    </ClCompile>
    <ClCompile Include="source\Enemy.cpp">
      <Filter>Исходные файлы\DynamicObjects</Filter>
    </ClCompile>
    <ClCompile Include="source\Projectile.cpp">
      <Filter>Исходные файлы\DynamicObjects</Filter>
    </ClCompile>
    <ClCompile Include="source\Player.cpp">
      <Filter>Исходные файлы\DynamicObjects</Filter>
    </ClCompile>
    <ClCompile Include="source\BrickWall.cpp">
      <Filter>Исходные файлы\StaticObjects</Filter>
    </ClCompile>
    <ClCompile Include="source\ConcreteWall.cpp">
      <Filter>Исходные файлы\StaticObjects</Filter>
    </ClCompile>
    <ClCompile Include="source\Forest.cpp">
      <Filter>Исходные файлы\StaticObjects</Filter>
    </ClCompile>
    <ClCompile Include="source\Water.cpp">
      <Filter>Исходные файлы\StaticObjects</Filter>
    </ClCompile>
    <ClCompile Include="source\DynamicObject.cpp">
      <Filter>Исходные файлы\Abstract</Filter>
    </ClCompile>
    <ClCompile Include="source\StaticObject.cpp">
      <Filter>Исходные файлы\Abstract</Filter>
    </ClCompile>
    <ClCompile Include="source\Tank.cpp">
      <Filter>Исходные файлы\Abstract</Filter>
    </ClCompile>
    <ClCompile Include="source\GameObject.cpp">
      <Filter>Исходные файлы\Abstract</Filter>
    </ClCompile>
    <ClCompile Include="source\Headquarters.cpp">
      <Filter>Исходные файлы\StaticObjects</Filter>
    </ClCompile>
    <ClCompile Include="source\Flag.cpp">
      <Filter>Исходные файлы\StaticObjects</Filter>
    </ClCompile>
    <ClCompile Include="source\Console.cpp">
      <Filter>Исходные файлы\Utilts</Filter>
    </ClCompile>
    <ClCompile Include="source\Game.cpp">
      <Filter>Исходные файлы\Utilts</Filter>
    </ClCompile>
    <ClCompile Include="source\GameWindow.cpp">
      <Filter>Исходные файлы\Utilts</Filter>
    </ClCompile>
    <ClCompile Include="source\GameResources.cpp">
      <Filter>Исходные файлы\Utilts</Filter>
    </ClCompile>
    <ClCompile Include="source\GameController.cpp">
      <Filter>Исходные файлы\Utilts</Filter>
    </ClCompile>
  </ItemGroup>
  <ItemGroup>
    <Image Include="png\brickWall.png">
      <Filter>Файлы ресурсов\png</Filter>
    </Image>
    <Image Include="png\concreteWall.png">
      <Filter>Файлы ресурсов\png</Filter>
    </Image>
    <Image Include="png\enemy.png">
      <Filter>Файлы ресурсов\png</Filter>
    </Image>
    <Image Include="png\forest.png">
      <Filter>Файлы ресурсов\png</Filter>
    </Image>
    <Image Include="png\player.png">
      <Filter>Файлы ресурсов\png</Filter>
    </Image>
    <Image Include="png\projectile.png">
      <Filter>Файлы ресурсов\png</Filter>
    </Image>
    <Image Include="png\water.png">
      <Filter>Файлы ресурсов\png</Filter>
    </Image>
    <Image Include="png\headquarters.png">
      <Filter>Файлы ресурсов\png</Filter>
    </Image>
    <Image Include="png\flag.png">
      <Filter>Файлы ресурсов\png</Filter>
    </Image>
  </ItemGroup>
  <ItemGroup>
    <Text Include="maps\map1.txt">
      <Filter>Файлы ресурсов\maps</Filter>
    </Text>
  </ItemGroup>
</Project>